// !$*UTF8*$!
{
	archiveVersion = 1;
	classes = {
	};
	objectVersion = 52;
	objects = {

/* Begin PBXBuildFile section */
		A10283422657F94E0097B7A6 /* ChatStackApp.swift in Sources */ = {isa = PBXBuildFile; fileRef = A102832F2657F9430097B7A6 /* ChatStackApp.swift */; };
		A10283432657F94E0097B7A6 /* ChatStackApp.swift in Sources */ = {isa = PBXBuildFile; fileRef = A102832F2657F9430097B7A6 /* ChatStackApp.swift */; };
		A10283442657F94E0097B7A6 /* ContentView.swift in Sources */ = {isa = PBXBuildFile; fileRef = A10283302657F9430097B7A6 /* ContentView.swift */; };
		A10283452657F94E0097B7A6 /* ContentView.swift in Sources */ = {isa = PBXBuildFile; fileRef = A10283302657F9430097B7A6 /* ContentView.swift */; };
		A10283462657F94E0097B7A6 /* Assets.xcassets in Resources */ = {isa = PBXBuildFile; fileRef = A10283312657F94E0097B7A6 /* Assets.xcassets */; };
		A10283472657F94E0097B7A6 /* Assets.xcassets in Resources */ = {isa = PBXBuildFile; fileRef = A10283312657F94E0097B7A6 /* Assets.xcassets */; };
		A10283552657FB570097B7A6 /* Keys.plist in Resources */ = {isa = PBXBuildFile; fileRef = A10283542657FB570097B7A6 /* Keys.plist */; };
		A10283562657FB570097B7A6 /* Keys.plist in Resources */ = {isa = PBXBuildFile; fileRef = A10283542657FB570097B7A6 /* Keys.plist */; };
		A1DCCF5526580CC200465704 /* LeanCloud in Frameworks */ = {isa = PBXBuildFile; productRef = A1DCCF5426580CC200465704 /* LeanCloud */; };
		A1DCCF5826580CE900465704 /* LeanCloud in Frameworks */ = {isa = PBXBuildFile; productRef = A1DCCF5726580CE900465704 /* LeanCloud */; };
/* End PBXBuildFile section */

/* Begin PBXFileReference section */
		A102832F2657F9430097B7A6 /* ChatStackApp.swift */ = {isa = PBXFileReference; lastKnownFileType = sourcecode.swift; path = ChatStackApp.swift; sourceTree = "<group>"; };
		A10283302657F9430097B7A6 /* ContentView.swift */ = {isa = PBXFileReference; lastKnownFileType = sourcecode.swift; path = ContentView.swift; sourceTree = "<group>"; };
		A10283312657F94E0097B7A6 /* Assets.xcassets */ = {isa = PBXFileReference; lastKnownFileType = folder.assetcatalog; path = Assets.xcassets; sourceTree = "<group>"; };
		A10283362657F94E0097B7A6 /* ChatStack.app */ = {isa = PBXFileReference; explicitFileType = wrapper.application; includeInIndex = 0; path = ChatStack.app; sourceTree = BUILT_PRODUCTS_DIR; };
		A10283392657F94E0097B7A6 /* Info.plist */ = {isa = PBXFileReference; lastKnownFileType = text.plist.xml; path = Info.plist; sourceTree = "<group>"; };
		A102833E2657F94E0097B7A6 /* ChatStack.app */ = {isa = PBXFileReference; explicitFileType = wrapper.application; includeInIndex = 0; path = ChatStack.app; sourceTree = BUILT_PRODUCTS_DIR; };
		A10283402657F94E0097B7A6 /* Info.plist */ = {isa = PBXFileReference; lastKnownFileType = text.plist.xml; path = Info.plist; sourceTree = "<group>"; };
		A10283412657F94E0097B7A6 /* macOS.entitlements */ = {isa = PBXFileReference; lastKnownFileType = text.plist.entitlements; path = macOS.entitlements; sourceTree = "<group>"; };
		A10283542657FB570097B7A6 /* Keys.plist */ = {isa = PBXFileReference; lastKnownFileType = text.plist.xml; path = Keys.plist; sourceTree = "<group>"; };
/* End PBXFileReference section */

/* Begin PBXFrameworksBuildPhase section */
		A10283332657F94E0097B7A6 /* Frameworks */ = {
			isa = PBXFrameworksBuildPhase;
			buildActionMask = 2147483647;
			files = (
				A1DCCF5526580CC200465704 /* LeanCloud in Frameworks */,
			);
			runOnlyForDeploymentPostprocessing = 0;
		};
		A102833B2657F94E0097B7A6 /* Frameworks */ = {
			isa = PBXFrameworksBuildPhase;
			buildActionMask = 2147483647;
			files = (
				A1DCCF5826580CE900465704 /* LeanCloud in Frameworks */,
			);
			runOnlyForDeploymentPostprocessing = 0;
		};
/* End PBXFrameworksBuildPhase section */

/* Begin PBXGroup section */
		A10283292657F9430097B7A6 = {
			isa = PBXGroup;
			children = (
				A102832E2657F9430097B7A6 /* Shared */,
				A10283382657F94E0097B7A6 /* iOS */,
				A102833F2657F94E0097B7A6 /* macOS */,
				A10283372657F94E0097B7A6 /* Products */,
				A1DCCF5626580CE900465704 /* Frameworks */,
			);
			sourceTree = "<group>";
		};
		A102832E2657F9430097B7A6 /* Shared */ = {
			isa = PBXGroup;
			children = (
				A102832F2657F9430097B7A6 /* ChatStackApp.swift */,
				A10283302657F9430097B7A6 /* ContentView.swift */,
				A10283502657FAAA0097B7A6 /* Supporting Files */,
				A10283312657F94E0097B7A6 /* Assets.xcassets */,
			);
			path = Shared;
			sourceTree = "<group>";
		};
		A10283372657F94E0097B7A6 /* Products */ = {
			isa = PBXGroup;
			children = (
				A10283362657F94E0097B7A6 /* ChatStack.app */,
				A102833E2657F94E0097B7A6 /* ChatStack.app */,
			);
			name = Products;
			sourceTree = "<group>";
		};
		A10283382657F94E0097B7A6 /* iOS */ = {
			isa = PBXGroup;
			children = (
				A10283392657F94E0097B7A6 /* Info.plist */,
			);
			path = iOS;
			sourceTree = "<group>";
		};
		A102833F2657F94E0097B7A6 /* macOS */ = {
			isa = PBXGroup;
			children = (
				A10283402657F94E0097B7A6 /* Info.plist */,
				A10283412657F94E0097B7A6 /* macOS.entitlements */,
			);
			path = macOS;
			sourceTree = "<group>";
		};
		A10283502657FAAA0097B7A6 /* Supporting Files */ = {
			isa = PBXGroup;
			children = (
				A10283542657FB570097B7A6 /* Keys.plist */,
			);
			path = "Supporting Files";
			sourceTree = "<group>";
		};
		A1DCCF5626580CE900465704 /* Frameworks */ = {
			isa = PBXGroup;
			children = (
			);
			name = Frameworks;
			sourceTree = "<group>";
		};
/* End PBXGroup section */

/* Begin PBXNativeTarget section */
		A10283352657F94E0097B7A6 /* ChatStack (iOS) */ = {
			isa = PBXNativeTarget;
			buildConfigurationList = A102834A2657F94E0097B7A6 /* Build configuration list for PBXNativeTarget "ChatStack (iOS)" */;
			buildPhases = (
				A10283322657F94E0097B7A6 /* Sources */,
				A10283332657F94E0097B7A6 /* Frameworks */,
				A10283342657F94E0097B7A6 /* Resources */,
			);
			buildRules = (
			);
			dependencies = (
			);
			name = "ChatStack (iOS)";
			packageProductDependencies = (
				A1DCCF5426580CC200465704 /* LeanCloud */,
			);
			productName = "ChatStack (iOS)";
			productReference = A10283362657F94E0097B7A6 /* ChatStack.app */;
			productType = "com.apple.product-type.application";
		};
		A102833D2657F94E0097B7A6 /* ChatStack (macOS) */ = {
			isa = PBXNativeTarget;
			buildConfigurationList = A102834D2657F94E0097B7A6 /* Build configuration list for PBXNativeTarget "ChatStack (macOS)" */;
			buildPhases = (
				A102833A2657F94E0097B7A6 /* Sources */,
				A102833B2657F94E0097B7A6 /* Frameworks */,
				A102833C2657F94E0097B7A6 /* Resources */,
			);
			buildRules = (
			);
			dependencies = (
			);
			name = "ChatStack (macOS)";
			packageProductDependencies = (
				A1DCCF5726580CE900465704 /* LeanCloud */,
			);
			productName = "ChatStack (macOS)";
			productReference = A102833E2657F94E0097B7A6 /* ChatStack.app */;
			productType = "com.apple.product-type.application";
		};
/* End PBXNativeTarget section */

/* Begin PBXProject section */
		A102832A2657F9430097B7A6 /* Project object */ = {
			isa = PBXProject;
			attributes = {
				LastSwiftUpdateCheck = 1250;
				LastUpgradeCheck = 1250;
				TargetAttributes = {
					A10283352657F94E0097B7A6 = {
						CreatedOnToolsVersion = 12.5;
					};
					A102833D2657F94E0097B7A6 = {
						CreatedOnToolsVersion = 12.5;
					};
				};
			};
			buildConfigurationList = A102832D2657F9430097B7A6 /* Build configuration list for PBXProject "ChatStack" */;
			compatibilityVersion = "Xcode 9.3";
			developmentRegion = en;
			hasScannedForEncodings = 0;
			knownRegions = (
				en,
				Base,
			);
			mainGroup = A10283292657F9430097B7A6;
			packageReferences = (
				A1DCCF5326580CC200465704 /* XCRemoteSwiftPackageReference "swift-sdk" */,
			);
			productRefGroup = A10283372657F94E0097B7A6 /* Products */;
			projectDirPath = "";
			projectRoot = "";
			targets = (
				A10283352657F94E0097B7A6 /* ChatStack (iOS) */,
				A102833D2657F94E0097B7A6 /* ChatStack (macOS) */,
			);
		};
/* End PBXProject section */

/* Begin PBXResourcesBuildPhase section */
		A10283342657F94E0097B7A6 /* Resources */ = {
			isa = PBXResourcesBuildPhase;
			buildActionMask = 2147483647;
			files = (
				A10283552657FB570097B7A6 /* Keys.plist in Resources */,
				A10283462657F94E0097B7A6 /* Assets.xcassets in Resources */,
			);
			runOnlyForDeploymentPostprocessing = 0;
		};
		A102833C2657F94E0097B7A6 /* Resources */ = {
			isa = PBXResourcesBuildPhase;
			buildActionMask = 2147483647;
			files = (
				A10283562657FB570097B7A6 /* Keys.plist in Resources */,
				A10283472657F94E0097B7A6 /* Assets.xcassets in Resources */,
			);
			runOnlyForDeploymentPostprocessing = 0;
		};
/* End PBXResourcesBuildPhase section */

/* Begin PBXSourcesBuildPhase section */
		A10283322657F94E0097B7A6 /* Sources */ = {
			isa = PBXSourcesBuildPhase;
			buildActionMask = 2147483647;
			files = (
				A10283442657F94E0097B7A6 /* ContentView.swift in Sources */,
				A10283422657F94E0097B7A6 /* ChatStackApp.swift in Sources */,
			);
			runOnlyForDeploymentPostprocessing = 0;
		};
		A102833A2657F94E0097B7A6 /* Sources */ = {
			isa = PBXSourcesBuildPhase;
			buildActionMask = 2147483647;
			files = (
				A10283452657F94E0097B7A6 /* ContentView.swift in Sources */,
				A10283432657F94E0097B7A6 /* ChatStackApp.swift in Sources */,
			);
			runOnlyForDeploymentPostprocessing = 0;
		};
/* End PBXSourcesBuildPhase section */

/* Begin XCBuildConfiguration section */
		A10283482657F94E0097B7A6 /* Debug */ = {
			isa = XCBuildConfiguration;
			buildSettings = {
				ALWAYS_SEARCH_USER_PATHS = NO;
				CLANG_ANALYZER_NONNULL = YES;
				CLANG_ANALYZER_NUMBER_OBJECT_CONVERSION = YES_AGGRESSIVE;
				CLANG_CXX_LANGUAGE_STANDARD = "gnu++14";
				CLANG_CXX_LIBRARY = "libc++";
				CLANG_ENABLE_MODULES = YES;
				CLANG_ENABLE_OBJC_ARC = YES;
				CLANG_ENABLE_OBJC_WEAK = YES;
				CLANG_WARN_BLOCK_CAPTURE_AUTORELEASING = YES;
				CLANG_WARN_BOOL_CONVERSION = YES;
				CLANG_WARN_COMMA = YES;
				CLANG_WARN_CONSTANT_CONVERSION = YES;
				CLANG_WARN_DEPRECATED_OBJC_IMPLEMENTATIONS = YES;
				CLANG_WARN_DIRECT_OBJC_ISA_USAGE = YES_ERROR;
				CLANG_WARN_DOCUMENTATION_COMMENTS = YES;
				CLANG_WARN_EMPTY_BODY = YES;
				CLANG_WARN_ENUM_CONVERSION = YES;
				CLANG_WARN_INFINITE_RECURSION = YES;
				CLANG_WARN_INT_CONVERSION = YES;
				CLANG_WARN_NON_LITERAL_NULL_CONVERSION = YES;
				CLANG_WARN_OBJC_IMPLICIT_RETAIN_SELF = YES;
				CLANG_WARN_OBJC_LITERAL_CONVERSION = YES;
				CLANG_WARN_OBJC_ROOT_CLASS = YES_ERROR;
				CLANG_WARN_QUOTED_INCLUDE_IN_FRAMEWORK_HEADER = YES;
				CLANG_WARN_RANGE_LOOP_ANALYSIS = YES;
				CLANG_WARN_STRICT_PROTOTYPES = YES;
				CLANG_WARN_SUSPICIOUS_MOVE = YES;
				CLANG_WARN_UNGUARDED_AVAILABILITY = YES_AGGRESSIVE;
				CLANG_WARN_UNREACHABLE_CODE = YES;
				CLANG_WARN__DUPLICATE_METHOD_MATCH = YES;
				COPY_PHASE_STRIP = NO;
				DEBUG_INFORMATION_FORMAT = dwarf;
				ENABLE_STRICT_OBJC_MSGSEND = YES;
				ENABLE_TESTABILITY = YES;
				GCC_C_LANGUAGE_STANDARD = gnu11;
				GCC_DYNAMIC_NO_PIC = NO;
				GCC_NO_COMMON_BLOCKS = YES;
				GCC_OPTIMIZATION_LEVEL = 0;
				GCC_PREPROCESSOR_DEFINITIONS = (
					"DEBUG=1",
					"$(inherited)",
				);
				GCC_WARN_64_TO_32_BIT_CONVERSION = YES;
				GCC_WARN_ABOUT_RETURN_TYPE = YES_ERROR;
				GCC_WARN_UNDECLARED_SELECTOR = YES;
				GCC_WARN_UNINITIALIZED_AUTOS = YES_AGGRESSIVE;
				GCC_WARN_UNUSED_FUNCTION = YES;
				GCC_WARN_UNUSED_VARIABLE = YES;
				MTL_ENABLE_DEBUG_INFO = INCLUDE_SOURCE;
				MTL_FAST_MATH = YES;
				ONLY_ACTIVE_ARCH = YES;
				SWIFT_ACTIVE_COMPILATION_CONDITIONS = DEBUG;
				SWIFT_OPTIMIZATION_LEVEL = "-Onone";
			};
			name = Debug;
		};
		A10283492657F94E0097B7A6 /* Release */ = {
			isa = XCBuildConfiguration;
			buildSettings = {
				ALWAYS_SEARCH_USER_PATHS = NO;
				CLANG_ANALYZER_NONNULL = YES;
				CLANG_ANALYZER_NUMBER_OBJECT_CONVERSION = YES_AGGRESSIVE;
				CLANG_CXX_LANGUAGE_STANDARD = "gnu++14";
				CLANG_CXX_LIBRARY = "libc++";
				CLANG_ENABLE_MODULES = YES;
				CLANG_ENABLE_OBJC_ARC = YES;
				CLANG_ENABLE_OBJC_WEAK = YES;
				CLANG_WARN_BLOCK_CAPTURE_AUTORELEASING = YES;
				CLANG_WARN_BOOL_CONVERSION = YES;
				CLANG_WARN_COMMA = YES;
				CLANG_WARN_CONSTANT_CONVERSION = YES;
				CLANG_WARN_DEPRECATED_OBJC_IMPLEMENTATIONS = YES;
				CLANG_WARN_DIRECT_OBJC_ISA_USAGE = YES_ERROR;
				CLANG_WARN_DOCUMENTATION_COMMENTS = YES;
				CLANG_WARN_EMPTY_BODY = YES;
				CLANG_WARN_ENUM_CONVERSION = YES;
				CLANG_WARN_INFINITE_RECURSION = YES;
				CLANG_WARN_INT_CONVERSION = YES;
				CLANG_WARN_NON_LITERAL_NULL_CONVERSION = YES;
				CLANG_WARN_OBJC_IMPLICIT_RETAIN_SELF = YES;
				CLANG_WARN_OBJC_LITERAL_CONVERSION = YES;
				CLANG_WARN_OBJC_ROOT_CLASS = YES_ERROR;
				CLANG_WARN_QUOTED_INCLUDE_IN_FRAMEWORK_HEADER = YES;
				CLANG_WARN_RANGE_LOOP_ANALYSIS = YES;
				CLANG_WARN_STRICT_PROTOTYPES = YES;
				CLANG_WARN_SUSPICIOUS_MOVE = YES;
				CLANG_WARN_UNGUARDED_AVAILABILITY = YES_AGGRESSIVE;
				CLANG_WARN_UNREACHABLE_CODE = YES;
				CLANG_WARN__DUPLICATE_METHOD_MATCH = YES;
				COPY_PHASE_STRIP = NO;
				DEBUG_INFORMATION_FORMAT = "dwarf-with-dsym";
				ENABLE_NS_ASSERTIONS = NO;
				ENABLE_STRICT_OBJC_MSGSEND = YES;
				GCC_C_LANGUAGE_STANDARD = gnu11;
				GCC_NO_COMMON_BLOCKS = YES;
				GCC_WARN_64_TO_32_BIT_CONVERSION = YES;
				GCC_WARN_ABOUT_RETURN_TYPE = YES_ERROR;
				GCC_WARN_UNDECLARED_SELECTOR = YES;
				GCC_WARN_UNINITIALIZED_AUTOS = YES_AGGRESSIVE;
				GCC_WARN_UNUSED_FUNCTION = YES;
				GCC_WARN_UNUSED_VARIABLE = YES;
				MTL_ENABLE_DEBUG_INFO = NO;
				MTL_FAST_MATH = YES;
				SWIFT_COMPILATION_MODE = wholemodule;
				SWIFT_OPTIMIZATION_LEVEL = "-O";
			};
			name = Release;
		};
		A102834B2657F94E0097B7A6 /* Debug */ = {
			isa = XCBuildConfiguration;
			buildSettings = {
				ASSETCATALOG_COMPILER_APPICON_NAME = AppIcon;
				ASSETCATALOG_COMPILER_GLOBAL_ACCENT_COLOR_NAME = AccentColor;
				CODE_SIGN_STYLE = Automatic;
				DEVELOPMENT_TEAM = SLKFR4476T;
				ENABLE_PREVIEWS = YES;
				INFOPLIST_FILE = iOS/Info.plist;
				IPHONEOS_DEPLOYMENT_TARGET = 14.0;
				LD_RUNPATH_SEARCH_PATHS = (
					"$(inherited)",
					"@executable_path/Frameworks",
				);
				MARKETING_VERSION = 0.1;
				PRODUCT_BUNDLE_IDENTIFIER = cf.techstack.ChatStack;
				PRODUCT_NAME = ChatStack;
				SDKROOT = iphoneos;
				SWIFT_VERSION = 5.0;
				TARGETED_DEVICE_FAMILY = "1,2";
			};
			name = Debug;
		};
		A102834C2657F94E0097B7A6 /* Release */ = {
			isa = XCBuildConfiguration;
			buildSettings = {
				ASSETCATALOG_COMPILER_APPICON_NAME = AppIcon;
				ASSETCATALOG_COMPILER_GLOBAL_ACCENT_COLOR_NAME = AccentColor;
				CODE_SIGN_STYLE = Automatic;
				DEVELOPMENT_TEAM = SLKFR4476T;
				ENABLE_PREVIEWS = YES;
				INFOPLIST_FILE = iOS/Info.plist;
				IPHONEOS_DEPLOYMENT_TARGET = 14.0;
				LD_RUNPATH_SEARCH_PATHS = (
					"$(inherited)",
					"@executable_path/Frameworks",
				);
				MARKETING_VERSION = 0.1;
				PRODUCT_BUNDLE_IDENTIFIER = cf.techstack.ChatStack;
				PRODUCT_NAME = ChatStack;
				SDKROOT = iphoneos;
				SWIFT_VERSION = 5.0;
				TARGETED_DEVICE_FAMILY = "1,2";
				VALIDATE_PRODUCT = YES;
			};
			name = Release;
		};
		A102834E2657F94E0097B7A6 /* Debug */ = {
			isa = XCBuildConfiguration;
			buildSettings = {
				ASSETCATALOG_COMPILER_APPICON_NAME = AppIcon;
				ASSETCATALOG_COMPILER_GLOBAL_ACCENT_COLOR_NAME = AccentColor;
				CODE_SIGN_ENTITLEMENTS = macOS/macOS.entitlements;
				CODE_SIGN_STYLE = Automatic;
				COMBINE_HIDPI_IMAGES = YES;
				DEVELOPMENT_TEAM = SLKFR4476T;
				ENABLE_HARDENED_RUNTIME = YES;
				ENABLE_PREVIEWS = YES;
				INFOPLIST_FILE = macOS/Info.plist;
				LD_RUNPATH_SEARCH_PATHS = (
					"$(inherited)",
					"@executable_path/../Frameworks",
				);
				MACOSX_DEPLOYMENT_TARGET = 11.0;
				MARKETING_VERSION = 0.1;
				PRODUCT_BUNDLE_IDENTIFIER = cf.techstack.ChatStack;
				PRODUCT_NAME = ChatStack;
				SDKROOT = macosx;
				SWIFT_VERSION = 5.0;
			};
			name = Debug;
		};
		A102834F2657F94E0097B7A6 /* Release */ = {
			isa = XCBuildConfiguration;
			buildSettings = {
				ASSETCATALOG_COMPILER_APPICON_NAME = AppIcon;
				ASSETCATALOG_COMPILER_GLOBAL_ACCENT_COLOR_NAME = AccentColor;
				CODE_SIGN_ENTITLEMENTS = macOS/macOS.entitlements;
				CODE_SIGN_STYLE = Automatic;
				COMBINE_HIDPI_IMAGES = YES;
				DEVELOPMENT_TEAM = SLKFR4476T;
				ENABLE_HARDENED_RUNTIME = YES;
				ENABLE_PREVIEWS = YES;
				INFOPLIST_FILE = macOS/Info.plist;
				LD_RUNPATH_SEARCH_PATHS = (
					"$(inherited)",
					"@executable_path/../Frameworks",
				);
				MACOSX_DEPLOYMENT_TARGET = 11.0;
				MARKETING_VERSION = 0.1;
				PRODUCT_BUNDLE_IDENTIFIER = cf.techstack.ChatStack;
				PRODUCT_NAME = ChatStack;
				SDKROOT = macosx;
				SWIFT_VERSION = 5.0;
			};
			name = Release;
		};
/* End XCBuildConfiguration section */

/* Begin XCConfigurationList section */
		A102832D2657F9430097B7A6 /* Build configuration list for PBXProject "ChatStack" */ = {
			isa = XCConfigurationList;
			buildConfigurations = (
				A10283482657F94E0097B7A6 /* Debug */,
				A10283492657F94E0097B7A6 /* Release */,
			);
			defaultConfigurationIsVisible = 0;
			defaultConfigurationName = Release;
		};
		A102834A2657F94E0097B7A6 /* Build configuration list for PBXNativeTarget "ChatStack (iOS)" */ = {
			isa = XCConfigurationList;
			buildConfigurations = (
				A102834B2657F94E0097B7A6 /* Debug */,
				A102834C2657F94E0097B7A6 /* Release */,
			);
			defaultConfigurationIsVisible = 0;
			defaultConfigurationName = Release;
		};
		A102834D2657F94E0097B7A6 /* Build configuration list for PBXNativeTarget "ChatStack (macOS)" */ = {
			isa = XCConfigurationList;
			buildConfigurations = (
				A102834E2657F94E0097B7A6 /* Debug */,
				A102834F2657F94E0097B7A6 /* Release */,
			);
			defaultConfigurationIsVisible = 0;
			defaultConfigurationName = Release;
		};
/* End XCConfigurationList section */

/* Begin XCRemoteSwiftPackageReference section */
		A1DCCF5326580CC200465704 /* XCRemoteSwiftPackageReference "swift-sdk" */ = {
			isa = XCRemoteSwiftPackageReference;
			repositoryURL = "https://github.com/leancloud/swift-sdk";
			requirement = {
				kind = upToNextMajorVersion;
				minimumVersion = 17.8.0;
			};
		};
/* End XCRemoteSwiftPackageReference section */

/* Begin XCSwiftPackageProductDependency section */
		A1DCCF5426580CC200465704 /* LeanCloud */ = {
			isa = XCSwiftPackageProductDependency;
			package = A1DCCF5326580CC200465704 /* XCRemoteSwiftPackageReference "swift-sdk" */;
			productName = LeanCloud;
		};
		A1DCCF5726580CE900465704 /* LeanCloud */ = {
			isa = XCSwiftPackageProductDependency;
			package = A1DCCF5326580CC200465704 /* XCRemoteSwiftPackageReference "swift-sdk" */;
			productName = LeanCloud;
		};
/* End XCSwiftPackageProductDependency section */
	};
	rootObject = A102832A2657F9430097B7A6 /* Project object */;
}
